// !$*UTF8*$!
{
	archiveVersion = 1;
	classes = {
	};
	objectVersion = 46;
	objects = {

/* Begin PBXBuildFile section */
		9D3BF9AF1E48AAEF0011B0D6 /* LiveMultiPlayViewController.m in Sources */ = {isa = PBXBuildFile; fileRef = 9D3BF9AE1E48AAEF0011B0D6 /* LiveMultiPlayViewController.m */; };
		9D3BF9B21E48AB130011B0D6 /* LiveRestreamViewController.m in Sources */ = {isa = PBXBuildFile; fileRef = 9D3BF9B11E48AB130011B0D6 /* LiveRestreamViewController.m */; };
		9D4322D31E481A5F0075262A /* main.m in Sources */ = {isa = PBXBuildFile; fileRef = 9D4322D21E481A5F0075262A /* main.m */; };
		9D4322D61E481A5F0075262A /* AppDelegate.m in Sources */ = {isa = PBXBuildFile; fileRef = 9D4322D51E481A5F0075262A /* AppDelegate.m */; };
		9D4322DC1E481A5F0075262A /* Main.storyboard in Resources */ = {isa = PBXBuildFile; fileRef = 9D4322DA1E481A5F0075262A /* Main.storyboard */; };
		9D4322DE1E481A5F0075262A /* Assets.xcassets in Resources */ = {isa = PBXBuildFile; fileRef = 9D4322DD1E481A5F0075262A /* Assets.xcassets */; };
		9D4322E11E481A5F0075262A /* LaunchScreen.storyboard in Resources */ = {isa = PBXBuildFile; fileRef = 9D4322DF1E481A5F0075262A /* LaunchScreen.storyboard */; };
		9D4322EA1E481B1A0075262A /* MainViewController.m in Sources */ = {isa = PBXBuildFile; fileRef = 9D4322E91E481B1A0075262A /* MainViewController.m */; };
		9D4322ED1E481B3D0075262A /* LivePlayViewController.m in Sources */ = {isa = PBXBuildFile; fileRef = 9D4322EC1E481B3D0075262A /* LivePlayViewController.m */; };
		9D4322F01E481F6F0075262A /* AudioToolbox.framework in Frameworks */ = {isa = PBXBuildFile; fileRef = 9D4322EF1E481F6F0075262A /* AudioToolbox.framework */; };
		9D4322F21E481F750075262A /* VideoToolbox.framework in Frameworks */ = {isa = PBXBuildFile; fileRef = 9D4322F11E481F750075262A /* VideoToolbox.framework */; };
		9D4322F41E481F7B0075262A /* CoreMedia.framework in Frameworks */ = {isa = PBXBuildFile; fileRef = 9D4322F31E481F7B0075262A /* CoreMedia.framework */; };
		9D4322F61E481F890075262A /* NodeMediaClient.framework in Frameworks */ = {isa = PBXBuildFile; fileRef = 9D4322F51E481F890075262A /* NodeMediaClient.framework */; };
		9D4322F81E481FF70075262A /* libz.tbd in Frameworks */ = {isa = PBXBuildFile; fileRef = 9D4322F71E481FF70075262A /* libz.tbd */; };
		9D4322FD1E4853C00075262A /* DefConfig.m in Sources */ = {isa = PBXBuildFile; fileRef = 9D4322FA1E4853C00075262A /* DefConfig.m */; };
		9D4322FE1E4853C00075262A /* KSHCaptureButton.m in Sources */ = {isa = PBXBuildFile; fileRef = 9D4322FC1E4853C00075262A /* KSHCaptureButton.m */; };
		9D4323141E4854110075262A /* TYLoadingView.m in Sources */ = {isa = PBXBuildFile; fileRef = 9D4323011E4854110075262A /* TYLoadingView.m */; };
		9D4323151E4854110075262A /* TYVideoBottomView.m in Sources */ = {isa = PBXBuildFile; fileRef = 9D4323041E4854110075262A /* TYVideoBottomView.m */; };
		9D4323161E4854110075262A /* TYVideoControlView.m in Sources */ = {isa = PBXBuildFile; fileRef = 9D4323061E4854110075262A /* TYVideoControlView.m */; };
		9D4323171E4854110075262A /* TYVideoErrorView.m in Sources */ = {isa = PBXBuildFile; fileRef = 9D4323081E4854110075262A /* TYVideoErrorView.m */; };
		9D4323181E4854110075262A /* TYVideoPlayer.bundle in Resources */ = {isa = PBXBuildFile; fileRef = 9D4323091E4854110075262A /* TYVideoPlayer.bundle */; };
		9D43231D1E4854110075262A /* TYVideoTitleView.m in Sources */ = {isa = PBXBuildFile; fileRef = 9D4323131E4854110075262A /* TYVideoTitleView.m */; };
		9D4323201E48544E0075262A /* VodPlayViewController.m in Sources */ = {isa = PBXBuildFile; fileRef = 9D43231F1E48544E0075262A /* VodPlayViewController.m */; };
		9D4323231E485E150075262A /* LivePublishViewController.m in Sources */ = {isa = PBXBuildFile; fileRef = 9D4323221E485E150075262A /* LivePublishViewController.m */; };
/* End PBXBuildFile section */

/* Begin PBXFileReference section */
		9D3BF9AD1E48AAEF0011B0D6 /* LiveMultiPlayViewController.h */ = {isa = PBXFileReference; fileEncoding = 4; lastKnownFileType = sourcecode.c.h; path = LiveMultiPlayViewController.h; sourceTree = "<group>"; };
		9D3BF9AE1E48AAEF0011B0D6 /* LiveMultiPlayViewController.m */ = {isa = PBXFileReference; fileEncoding = 4; lastKnownFileType = sourcecode.c.objc; path = LiveMultiPlayViewController.m; sourceTree = "<group>"; };
		9D3BF9B01E48AB130011B0D6 /* LiveRestreamViewController.h */ = {isa = PBXFileReference; fileEncoding = 4; lastKnownFileType = sourcecode.c.h; path = LiveRestreamViewController.h; sourceTree = "<group>"; };
		9D3BF9B11E48AB130011B0D6 /* LiveRestreamViewController.m */ = {isa = PBXFileReference; fileEncoding = 4; lastKnownFileType = sourcecode.c.objc; path = LiveRestreamViewController.m; sourceTree = "<group>"; };
		9D4322CE1E481A5F0075262A /* NodeMediaClient-Demo.app */ = {isa = PBXFileReference; explicitFileType = wrapper.application; includeInIndex = 0; path = "NodeMediaClient-Demo.app"; sourceTree = BUILT_PRODUCTS_DIR; };
		9D4322D21E481A5F0075262A /* main.m */ = {isa = PBXFileReference; lastKnownFileType = sourcecode.c.objc; path = main.m; sourceTree = "<group>"; };
		9D4322D41E481A5F0075262A /* AppDelegate.h */ = {isa = PBXFileReference; lastKnownFileType = sourcecode.c.h; path = AppDelegate.h; sourceTree = "<group>"; };
		9D4322D51E481A5F0075262A /* AppDelegate.m */ = {isa = PBXFileReference; lastKnownFileType = sourcecode.c.objc; path = AppDelegate.m; sourceTree = "<group>"; };
		9D4322DB1E481A5F0075262A /* Base */ = {isa = PBXFileReference; lastKnownFileType = file.storyboard; name = Base; path = Base.lproj/Main.storyboard; sourceTree = "<group>"; };
		9D4322DD1E481A5F0075262A /* Assets.xcassets */ = {isa = PBXFileReference; lastKnownFileType = folder.assetcatalog; path = Assets.xcassets; sourceTree = "<group>"; };
		9D4322E01E481A5F0075262A /* Base */ = {isa = PBXFileReference; lastKnownFileType = file.storyboard; name = Base; path = Base.lproj/LaunchScreen.storyboard; sourceTree = "<group>"; };
		9D4322E21E481A5F0075262A /* Info.plist */ = {isa = PBXFileReference; lastKnownFileType = text.plist.xml; path = Info.plist; sourceTree = "<group>"; };
		9D4322E81E481B1A0075262A /* MainViewController.h */ = {isa = PBXFileReference; fileEncoding = 4; lastKnownFileType = sourcecode.c.h; path = MainViewController.h; sourceTree = "<group>"; };
		9D4322E91E481B1A0075262A /* MainViewController.m */ = {isa = PBXFileReference; fileEncoding = 4; lastKnownFileType = sourcecode.c.objc; path = MainViewController.m; sourceTree = "<group>"; };
		9D4322EB1E481B3D0075262A /* LivePlayViewController.h */ = {isa = PBXFileReference; fileEncoding = 4; lastKnownFileType = sourcecode.c.h; path = LivePlayViewController.h; sourceTree = "<group>"; };
		9D4322EC1E481B3D0075262A /* LivePlayViewController.m */ = {isa = PBXFileReference; fileEncoding = 4; lastKnownFileType = sourcecode.c.objc; path = LivePlayViewController.m; sourceTree = "<group>"; };
		9D4322EF1E481F6F0075262A /* AudioToolbox.framework */ = {isa = PBXFileReference; lastKnownFileType = wrapper.framework; name = AudioToolbox.framework; path = System/Library/Frameworks/AudioToolbox.framework; sourceTree = SDKROOT; };
		9D4322F11E481F750075262A /* VideoToolbox.framework */ = {isa = PBXFileReference; lastKnownFileType = wrapper.framework; name = VideoToolbox.framework; path = System/Library/Frameworks/VideoToolbox.framework; sourceTree = SDKROOT; };
		9D4322F31E481F7B0075262A /* CoreMedia.framework */ = {isa = PBXFileReference; lastKnownFileType = wrapper.framework; name = CoreMedia.framework; path = System/Library/Frameworks/CoreMedia.framework; sourceTree = SDKROOT; };
		9D4322F51E481F890075262A /* NodeMediaClient.framework */ = {isa = PBXFileReference; lastKnownFileType = wrapper.framework; name = NodeMediaClient.framework; path = "NodeMediaClient-Demo/NodeMediaClient.framework"; sourceTree = "<group>"; };
		9D4322F71E481FF70075262A /* libz.tbd */ = {isa = PBXFileReference; lastKnownFileType = "sourcecode.text-based-dylib-definition"; name = libz.tbd; path = usr/lib/libz.tbd; sourceTree = SDKROOT; };
		9D4322F91E4853C00075262A /* DefConfig.h */ = {isa = PBXFileReference; fileEncoding = 4; lastKnownFileType = sourcecode.c.h; path = DefConfig.h; sourceTree = "<group>"; };
		9D4322FA1E4853C00075262A /* DefConfig.m */ = {isa = PBXFileReference; fileEncoding = 4; lastKnownFileType = sourcecode.c.objc; path = DefConfig.m; sourceTree = "<group>"; };
		9D4322FB1E4853C00075262A /* KSHCaptureButton.h */ = {isa = PBXFileReference; fileEncoding = 4; lastKnownFileType = sourcecode.c.h; path = KSHCaptureButton.h; sourceTree = "<group>"; };
		9D4322FC1E4853C00075262A /* KSHCaptureButton.m */ = {isa = PBXFileReference; fileEncoding = 4; lastKnownFileType = sourcecode.c.objc; path = KSHCaptureButton.m; sourceTree = "<group>"; };
		9D4323001E4854110075262A /* TYLoadingView.h */ = {isa = PBXFileReference; fileEncoding = 4; lastKnownFileType = sourcecode.c.h; name = TYLoadingView.h; path = TYVideoPlayer/TYLoadingView.h; sourceTree = "<group>"; };
		9D4323011E4854110075262A /* TYLoadingView.m */ = {isa = PBXFileReference; fileEncoding = 4; lastKnownFileType = sourcecode.c.objc; name = TYLoadingView.m; path = TYVideoPlayer/TYLoadingView.m; sourceTree = "<group>"; };
		9D4323031E4854110075262A /* TYVideoBottomView.h */ = {isa = PBXFileReference; fileEncoding = 4; lastKnownFileType = sourcecode.c.h; name = TYVideoBottomView.h; path = TYVideoPlayer/TYVideoBottomView.h; sourceTree = "<group>"; };
		9D4323041E4854110075262A /* TYVideoBottomView.m */ = {isa = PBXFileReference; fileEncoding = 4; lastKnownFileType = sourcecode.c.objc; name = TYVideoBottomView.m; path = TYVideoPlayer/TYVideoBottomView.m; sourceTree = "<group>"; };
		9D4323051E4854110075262A /* TYVideoControlView.h */ = {isa = PBXFileReference; fileEncoding = 4; lastKnownFileType = sourcecode.c.h; name = TYVideoControlView.h; path = TYVideoPlayer/TYVideoControlView.h; sourceTree = "<group>"; };
		9D4323061E4854110075262A /* TYVideoControlView.m */ = {isa = PBXFileReference; fileEncoding = 4; lastKnownFileType = sourcecode.c.objc; name = TYVideoControlView.m; path = TYVideoPlayer/TYVideoControlView.m; sourceTree = "<group>"; };
		9D4323071E4854110075262A /* TYVideoErrorView.h */ = {isa = PBXFileReference; fileEncoding = 4; lastKnownFileType = sourcecode.c.h; name = TYVideoErrorView.h; path = TYVideoPlayer/TYVideoErrorView.h; sourceTree = "<group>"; };
		9D4323081E4854110075262A /* TYVideoErrorView.m */ = {isa = PBXFileReference; fileEncoding = 4; lastKnownFileType = sourcecode.c.objc; name = TYVideoErrorView.m; path = TYVideoPlayer/TYVideoErrorView.m; sourceTree = "<group>"; };
		9D4323091E4854110075262A /* TYVideoPlayer.bundle */ = {isa = PBXFileReference; lastKnownFileType = "wrapper.plug-in"; name = TYVideoPlayer.bundle; path = TYVideoPlayer/TYVideoPlayer.bundle; sourceTree = "<group>"; };
		9D4323121E4854110075262A /* TYVideoTitleView.h */ = {isa = PBXFileReference; fileEncoding = 4; lastKnownFileType = sourcecode.c.h; name = TYVideoTitleView.h; path = TYVideoPlayer/TYVideoTitleView.h; sourceTree = "<group>"; };
		9D4323131E4854110075262A /* TYVideoTitleView.m */ = {isa = PBXFileReference; fileEncoding = 4; lastKnownFileType = sourcecode.c.objc; name = TYVideoTitleView.m; path = TYVideoPlayer/TYVideoTitleView.m; sourceTree = "<group>"; };
		9D43231E1E48544E0075262A /* VodPlayViewController.h */ = {isa = PBXFileReference; fileEncoding = 4; lastKnownFileType = sourcecode.c.h; path = VodPlayViewController.h; sourceTree = "<group>"; };
		9D43231F1E48544E0075262A /* VodPlayViewController.m */ = {isa = PBXFileReference; fileEncoding = 4; lastKnownFileType = sourcecode.c.objc; path = VodPlayViewController.m; sourceTree = "<group>"; };
		9D4323211E485E150075262A /* LivePublishViewController.h */ = {isa = PBXFileReference; fileEncoding = 4; lastKnownFileType = sourcecode.c.h; path = LivePublishViewController.h; sourceTree = "<group>"; };
		9D4323221E485E150075262A /* LivePublishViewController.m */ = {isa = PBXFileReference; fileEncoding = 4; lastKnownFileType = sourcecode.c.objc; path = LivePublishViewController.m; sourceTree = "<group>"; };
/* End PBXFileReference section */

/* Begin PBXFrameworksBuildPhase section */
		9D4322CB1E481A5F0075262A /* Frameworks */ = {
			isa = PBXFrameworksBuildPhase;
			buildActionMask = 2147483647;
			files = (
				9D4322F81E481FF70075262A /* libz.tbd in Frameworks */,
				9D4322F61E481F890075262A /* NodeMediaClient.framework in Frameworks */,
				9D4322F41E481F7B0075262A /* CoreMedia.framework in Frameworks */,
				9D4322F21E481F750075262A /* VideoToolbox.framework in Frameworks */,
				9D4322F01E481F6F0075262A /* AudioToolbox.framework in Frameworks */,
			);
			runOnlyForDeploymentPostprocessing = 0;
		};
/* End PBXFrameworksBuildPhase section */

/* Begin PBXGroup section */
		9D4322C51E481A5F0075262A = {
			isa = PBXGroup;
			children = (
				9D4322D01E481A5F0075262A /* NodeMediaClient-Demo */,
				9D4322CF1E481A5F0075262A /* Products */,
				9D4322EE1E481F6F0075262A /* Frameworks */,
			);
			sourceTree = "<group>";
		};
		9D4322CF1E481A5F0075262A /* Products */ = {
			isa = PBXGroup;
			children = (
				9D4322CE1E481A5F0075262A /* NodeMediaClient-Demo.app */,
			);
			name = Products;
			sourceTree = "<group>";
		};
		9D4322D01E481A5F0075262A /* NodeMediaClient-Demo */ = {
			isa = PBXGroup;
			children = (
				9D4322FF1E4853C50075262A /* TYVideoPlayer */,
				9D4322F91E4853C00075262A /* DefConfig.h */,
				9D4322FA1E4853C00075262A /* DefConfig.m */,
				9D4322FB1E4853C00075262A /* KSHCaptureButton.h */,
				9D4322FC1E4853C00075262A /* KSHCaptureButton.m */,
				9D4322E81E481B1A0075262A /* MainViewController.h */,
				9D4322E91E481B1A0075262A /* MainViewController.m */,
				9D4322EB1E481B3D0075262A /* LivePlayViewController.h */,
				9D4322EC1E481B3D0075262A /* LivePlayViewController.m */,
				9D3BF9AD1E48AAEF0011B0D6 /* LiveMultiPlayViewController.h */,
				9D3BF9AE1E48AAEF0011B0D6 /* LiveMultiPlayViewController.m */,
				9D43231E1E48544E0075262A /* VodPlayViewController.h */,
				9D43231F1E48544E0075262A /* VodPlayViewController.m */,
				9D4323211E485E150075262A /* LivePublishViewController.h */,
				9D4323221E485E150075262A /* LivePublishViewController.m */,
				9D3BF9B01E48AB130011B0D6 /* LiveRestreamViewController.h */,
				9D3BF9B11E48AB130011B0D6 /* LiveRestreamViewController.m */,
				9D4322DA1E481A5F0075262A /* Main.storyboard */,
				9D4322DD1E481A5F0075262A /* Assets.xcassets */,
				9D4322DF1E481A5F0075262A /* LaunchScreen.storyboard */,
				9D4322E21E481A5F0075262A /* Info.plist */,
				9D4322D11E481A5F0075262A /* Supporting Files */,
			);
			path = "NodeMediaClient-Demo";
			sourceTree = "<group>";
		};
		9D4322D11E481A5F0075262A /* Supporting Files */ = {
			isa = PBXGroup;
			children = (
				9D4322D21E481A5F0075262A /* main.m */,
			);
			name = "Supporting Files";
			sourceTree = "<group>";
		};
		9D4322EE1E481F6F0075262A /* Frameworks */ = {
			isa = PBXGroup;
			children = (
				9D4322F71E481FF70075262A /* libz.tbd */,
				9D4322F51E481F890075262A /* NodeMediaClient.framework */,
				9D4322F31E481F7B0075262A /* CoreMedia.framework */,
				9D4322F11E481F750075262A /* VideoToolbox.framework */,
				9D4322EF1E481F6F0075262A /* AudioToolbox.framework */,
			);
			name = Frameworks;
			sourceTree = "<group>";
		};
		9D4322FF1E4853C50075262A /* TYVideoPlayer */ = {
			isa = PBXGroup;
			children = (
				9D4322D41E481A5F0075262A /* AppDelegate.h */,
				9D4322D51E481A5F0075262A /* AppDelegate.m */,
				9D4323001E4854110075262A /* TYLoadingView.h */,
				9D4323011E4854110075262A /* TYLoadingView.m */,
				9D4323031E4854110075262A /* TYVideoBottomView.h */,
				9D4323041E4854110075262A /* TYVideoBottomView.m */,
				9D4323051E4854110075262A /* TYVideoControlView.h */,
				9D4323061E4854110075262A /* TYVideoControlView.m */,
				9D4323071E4854110075262A /* TYVideoErrorView.h */,
				9D4323081E4854110075262A /* TYVideoErrorView.m */,
				9D4323121E4854110075262A /* TYVideoTitleView.h */,
				9D4323131E4854110075262A /* TYVideoTitleView.m */,
				9D4323091E4854110075262A /* TYVideoPlayer.bundle */,
			);
			name = TYVideoPlayer;
			sourceTree = "<group>";
		};
/* End PBXGroup section */

/* Begin PBXNativeTarget section */
		9D4322CD1E481A5F0075262A /* NodeMediaClient-Demo */ = {
			isa = PBXNativeTarget;
			buildConfigurationList = 9D4322E51E481A5F0075262A /* Build configuration list for PBXNativeTarget "NodeMediaClient-Demo" */;
			buildPhases = (
				9D4322CA1E481A5F0075262A /* Sources */,
				9D4322CB1E481A5F0075262A /* Frameworks */,
				9D4322CC1E481A5F0075262A /* Resources */,
			);
			buildRules = (
			);
			dependencies = (
			);
			name = "NodeMediaClient-Demo";
			productName = "NodeMediaClient-Demo";
			productReference = 9D4322CE1E481A5F0075262A /* NodeMediaClient-Demo.app */;
			productType = "com.apple.product-type.application";
		};
/* End PBXNativeTarget section */

/* Begin PBXProject section */
		9D4322C61E481A5F0075262A /* Project object */ = {
			isa = PBXProject;
			attributes = {
				LastUpgradeCheck = 0820;
				ORGANIZATIONNAME = "Mingliang Chen";
				TargetAttributes = {
					9D4322CD1E481A5F0075262A = {
						CreatedOnToolsVersion = 8.2;
						DevelopmentTeam = KH9H8WF8C5;
						ProvisioningStyle = Automatic;
						SystemCapabilities = {
							com.apple.BackgroundModes = {
								enabled = 1;
							};
						};
					};
				};
			};
			buildConfigurationList = 9D4322C91E481A5F0075262A /* Build configuration list for PBXProject "NodeMediaClient-Demo" */;
			compatibilityVersion = "Xcode 3.2";
			developmentRegion = English;
			hasScannedForEncodings = 0;
			knownRegions = (
				en,
				Base,
			);
			mainGroup = 9D4322C51E481A5F0075262A;
			productRefGroup = 9D4322CF1E481A5F0075262A /* Products */;
			projectDirPath = "";
			projectRoot = "";
			targets = (
				9D4322CD1E481A5F0075262A /* NodeMediaClient-Demo */,
			);
		};
/* End PBXProject section */

/* Begin PBXResourcesBuildPhase section */
		9D4322CC1E481A5F0075262A /* Resources */ = {
			isa = PBXResourcesBuildPhase;
			buildActionMask = 2147483647;
			files = (
				9D4322E11E481A5F0075262A /* LaunchScreen.storyboard in Resources */,
				9D4323181E4854110075262A /* TYVideoPlayer.bundle in Resources */,
				9D4322DE1E481A5F0075262A /* Assets.xcassets in Resources */,
				9D4322DC1E481A5F0075262A /* Main.storyboard in Resources */,
			);
			runOnlyForDeploymentPostprocessing = 0;
		};
/* End PBXResourcesBuildPhase section */

/* Begin PBXSourcesBuildPhase section */
		9D4322CA1E481A5F0075262A /* Sources */ = {
			isa = PBXSourcesBuildPhase;
			buildActionMask = 2147483647;
			files = (
				9D3BF9AF1E48AAEF0011B0D6 /* LiveMultiPlayViewController.m in Sources */,
				9D4323171E4854110075262A /* TYVideoErrorView.m in Sources */,
				9D4323141E4854110075262A /* TYLoadingView.m in Sources */,
				9D4322ED1E481B3D0075262A /* LivePlayViewController.m in Sources */,
				9D4323151E4854110075262A /* TYVideoBottomView.m in Sources */,
				9D4322D61E481A5F0075262A /* AppDelegate.m in Sources */,
				9D43231D1E4854110075262A /* TYVideoTitleView.m in Sources */,
				9D4322EA1E481B1A0075262A /* MainViewController.m in Sources */,
				9D4322FE1E4853C00075262A /* KSHCaptureButton.m in Sources */,
				9D4323201E48544E0075262A /* VodPlayViewController.m in Sources */,
				9D4322FD1E4853C00075262A /* DefConfig.m in Sources */,
				9D4323231E485E150075262A /* LivePublishViewController.m in Sources */,
				9D4322D31E481A5F0075262A /* main.m in Sources */,
				9D3BF9B21E48AB130011B0D6 /* LiveRestreamViewController.m in Sources */,
				9D4323161E4854110075262A /* TYVideoControlView.m in Sources */,
			);
			runOnlyForDeploymentPostprocessing = 0;
		};
/* End PBXSourcesBuildPhase section */

/* Begin PBXVariantGroup section */
		9D4322DA1E481A5F0075262A /* Main.storyboard */ = {
			isa = PBXVariantGroup;
			children = (
				9D4322DB1E481A5F0075262A /* Base */,
			);
			name = Main.storyboard;
			sourceTree = "<group>";
		};
		9D4322DF1E481A5F0075262A /* LaunchScreen.storyboard */ = {
			isa = PBXVariantGroup;
			children = (
				9D4322E01E481A5F0075262A /* Base */,
			);
			name = LaunchScreen.storyboard;
			sourceTree = "<group>";
		};
/* End PBXVariantGroup section */

/* Begin XCBuildConfiguration section */
		9D4322E31E481A5F0075262A /* Debug */ = {
			isa = XCBuildConfiguration;
			buildSettings = {
				ALWAYS_SEARCH_USER_PATHS = NO;
				CLANG_ANALYZER_NONNULL = YES;
				CLANG_CXX_LANGUAGE_STANDARD = "gnu++0x";
				CLANG_CXX_LIBRARY = "libc++";
				CLANG_ENABLE_MODULES = YES;
				CLANG_ENABLE_OBJC_ARC = YES;
				CLANG_WARN_BOOL_CONVERSION = YES;
				CLANG_WARN_CONSTANT_CONVERSION = YES;
				CLANG_WARN_DIRECT_OBJC_ISA_USAGE = YES_ERROR;
				CLANG_WARN_DOCUMENTATION_COMMENTS = YES;
				CLANG_WARN_EMPTY_BODY = YES;
				CLANG_WARN_ENUM_CONVERSION = YES;
				CLANG_WARN_INFINITE_RECURSION = YES;
				CLANG_WARN_INT_CONVERSION = YES;
				CLANG_WARN_OBJC_ROOT_CLASS = YES_ERROR;
				CLANG_WARN_SUSPICIOUS_MOVE = YES;
				CLANG_WARN_UNREACHABLE_CODE = YES;
				CLANG_WARN__DUPLICATE_METHOD_MATCH = YES;
				"CODE_SIGN_IDENTITY[sdk=iphoneos*]" = "iPhone Developer";
				COPY_PHASE_STRIP = NO;
				DEBUG_INFORMATION_FORMAT = dwarf;
				ENABLE_STRICT_OBJC_MSGSEND = YES;
				ENABLE_TESTABILITY = YES;
				GCC_C_LANGUAGE_STANDARD = gnu99;
				GCC_DYNAMIC_NO_PIC = NO;
				GCC_NO_COMMON_BLOCKS = YES;
				GCC_OPTIMIZATION_LEVEL = 0;
				GCC_PREPROCESSOR_DEFINITIONS = (
					"DEBUG=1",
					"$(inherited)",
				);
				GCC_WARN_64_TO_32_BIT_CONVERSION = YES;
				GCC_WARN_ABOUT_RETURN_TYPE = YES_ERROR;
				GCC_WARN_UNDECLARED_SELECTOR = YES;
				GCC_WARN_UNINITIALIZED_AUTOS = YES_AGGRESSIVE;
				GCC_WARN_UNUSED_FUNCTION = YES;
				GCC_WARN_UNUSED_VARIABLE = YES;
				IPHONEOS_DEPLOYMENT_TARGET = 7.0;
				MTL_ENABLE_DEBUG_INFO = YES;
				ONLY_ACTIVE_ARCH = YES;
				SDKROOT = iphoneos;
				TARGETED_DEVICE_FAMILY = "1,2";
			};
			name = Debug;
		};
		9D4322E41E481A5F0075262A /* Release */ = {
			isa = XCBuildConfiguration;
			buildSettings = {
				ALWAYS_SEARCH_USER_PATHS = NO;
				CLANG_ANALYZER_NONNULL = YES;
				CLANG_CXX_LANGUAGE_STANDARD = "gnu++0x";
				CLANG_CXX_LIBRARY = "libc++";
				CLANG_ENABLE_MODULES = YES;
				CLANG_ENABLE_OBJC_ARC = YES;
				CLANG_WARN_BOOL_CONVERSION = YES;
				CLANG_WARN_CONSTANT_CONVERSION = YES;
				CLANG_WARN_DIRECT_OBJC_ISA_USAGE = YES_ERROR;
				CLANG_WARN_DOCUMENTATION_COMMENTS = YES;
				CLANG_WARN_EMPTY_BODY = YES;
				CLANG_WARN_ENUM_CONVERSION = YES;
				CLANG_WARN_INFINITE_RECURSION = YES;
				CLANG_WARN_INT_CONVERSION = YES;
				CLANG_WARN_OBJC_ROOT_CLASS = YES_ERROR;
				CLANG_WARN_SUSPICIOUS_MOVE = YES;
				CLANG_WARN_UNREACHABLE_CODE = YES;
				CLANG_WARN__DUPLICATE_METHOD_MATCH = YES;
				"CODE_SIGN_IDENTITY[sdk=iphoneos*]" = "iPhone Developer";
				COPY_PHASE_STRIP = NO;
				DEBUG_INFORMATION_FORMAT = "dwarf-with-dsym";
				ENABLE_NS_ASSERTIONS = NO;
				ENABLE_STRICT_OBJC_MSGSEND = YES;
				GCC_C_LANGUAGE_STANDARD = gnu99;
				GCC_NO_COMMON_BLOCKS = YES;
				GCC_WARN_64_TO_32_BIT_CONVERSION = YES;
				GCC_WARN_ABOUT_RETURN_TYPE = YES_ERROR;
				GCC_WARN_UNDECLARED_SELECTOR = YES;
				GCC_WARN_UNINITIALIZED_AUTOS = YES_AGGRESSIVE;
				GCC_WARN_UNUSED_FUNCTION = YES;
				GCC_WARN_UNUSED_VARIABLE = YES;
				IPHONEOS_DEPLOYMENT_TARGET = 7.0;
				MTL_ENABLE_DEBUG_INFO = NO;
				SDKROOT = iphoneos;
				TARGETED_DEVICE_FAMILY = "1,2";
				VALIDATE_PRODUCT = YES;
			};
			name = Release;
		};
		9D4322E61E481A5F0075262A /* Debug */ = {
			isa = XCBuildConfiguration;
			buildSettings = {
				ASSETCATALOG_COMPILER_APPICON_NAME = AppIcon;
				DEVELOPMENT_TEAM = KH9H8WF8C5;
				FRAMEWORK_SEARCH_PATHS = (
					"$(inherited)",
					"$(PROJECT_DIR)/NodeMediaClient-Demo",
				);
				INFOPLIST_FILE = "NodeMediaClient-Demo/Info.plist";
				LD_RUNPATH_SEARCH_PATHS = "$(inherited) @executable_path/Frameworks";
				PRODUCT_BUNDLE_IDENTIFIER = cn.nodemedia.demo;
				PRODUCT_NAME = "$(TARGET_NAME)";
			};
			name = Debug;
		};
		9D4322E71E481A5F0075262A /* Release */ = {
			isa = XCBuildConfiguration;
			buildSettings = {
				ASSETCATALOG_COMPILER_APPICON_NAME = AppIcon;
				DEVELOPMENT_TEAM = KH9H8WF8C5;
				FRAMEWORK_SEARCH_PATHS = (
					"$(inherited)",
					"$(PROJECT_DIR)/NodeMediaClient-Demo",
				);
				INFOPLIST_FILE = "NodeMediaClient-Demo/Info.plist";
				LD_RUNPATH_SEARCH_PATHS = "$(inherited) @executable_path/Frameworks";
				PRODUCT_BUNDLE_IDENTIFIER = cn.nodemedia.demo;
				PRODUCT_NAME = "$(TARGET_NAME)";
			};
			name = Release;
		};
/* End XCBuildConfiguration section */

/* Begin XCConfigurationList section */
		9D4322C91E481A5F0075262A /* Build configuration list for PBXProject "NodeMediaClient-Demo" */ = {
			isa = XCConfigurationList;
			buildConfigurations = (
				9D4322E31E481A5F0075262A /* Debug */,
				9D4322E41E481A5F0075262A /* Release */,
			);
			defaultConfigurationIsVisible = 0;
			defaultConfigurationName = Release;
		};
		9D4322E51E481A5F0075262A /* Build configuration list for PBXNativeTarget "NodeMediaClient-Demo" */ = {
			isa = XCConfigurationList;
			buildConfigurations = (
				9D4322E61E481A5F0075262A /* Debug */,
				9D4322E71E481A5F0075262A /* Release */,
			);
			defaultConfigurationIsVisible = 0;
			defaultConfigurationName = Release;
		};
/* End XCConfigurationList section */
	};
	rootObject = 9D4322C61E481A5F0075262A /* Project object */;
}
